
Microsoft Visual Studio Solution File, Format Version 12.00
# Visual Studio Version 16
VisualStudioVersion = 16.0.29709.97
MinimumVisualStudioVersion = 10.0.40219.1
Project("{FAE04EC0-301F-11D3-BF4B-00C04F79EFBC}") = "SpProviderApp", "SpProviderApp\SpProviderApp.csproj", "{A8FF0750-7AD5-4CD6-BC28-5C1A32D58E6A}"
EndProject
Project("{FAE04EC0-301F-11D3-BF4B-00C04F79EFBC}") = "SpProviderAppWeb", "SpProviderAppWeb\SpProviderAppWeb.csproj", "{197650C1-EE6C-4E58-B34D-0774EA538F59}"
EndProject
Global
	GlobalSection(SolutionConfigurationPlatforms) = preSolution
		Debug|Any CPU = Debug|Any CPU
		Release|Any CPU = Release|Any CPU
	EndGlobalSection
	GlobalSection(ProjectConfigurationPlatforms) = postSolution
		{A8FF0750-7AD5-4CD6-BC28-5C1A32D58E6A}.Debug|Any CPU.ActiveCfg = Debug|Any CPU
		{A8FF0750-7AD5-4CD6-BC28-5C1A32D58E6A}.Debug|Any CPU.Build.0 = Debug|Any CPU
		{A8FF0750-7AD5-4CD6-BC28-5C1A32D58E6A}.Debug|Any CPU.Deploy.0 = Debug|Any CPU
		{A8FF0750-7AD5-4CD6-BC28-5C1A32D58E6A}.Release|Any CPU.ActiveCfg = Release|Any CPU
		{A8FF0750-7AD5-4CD6-BC28-5C1A32D58E6A}.Release|Any CPU.Build.0 = Release|Any CPU
		{A8FF0750-7AD5-4CD6-BC28-5C1A32D58E6A}.Release|Any CPU.Deploy.0 = Release|Any CPU
		{197650C1-EE6C-4E58-B34D-0774EA538F59}.Debug|Any CPU.ActiveCfg = Debug|Any CPU
		{197650C1-EE6C-4E58-B34D-0774EA538F59}.Debug|Any CPU.Build.0 = Debug|Any CPU
		{197650C1-EE6C-4E58-B34D-0774EA538F59}.Release|Any CPU.ActiveCfg = Release|Any CPU
		{197650C1-EE6C-4E58-B34D-0774EA538F59}.Release|Any CPU.Build.0 = Release|Any CPU
	EndGlobalSection
	GlobalSection(SolutionProperties) = preSolution
		HideSolutionNode = FALSE
	EndGlobalSection
	GlobalSection(ExtensibilityGlobals) = postSolution
		SolutionGuid = {87FFBB44-0FB1-407C-8811-8A2A9F7339D6}
	EndGlobalSection
EndGlobal
